{
  "name": "unicloud-admin",
  "version": "1.0.0",
  "lockfileVersion": 1,
  "requires": true,
  "dependencies": {
    "async-validator": {
      "version": "3.4.0",
      "resolved": "https://registry.npm.taobao.org/async-validator/download/async-validator-3.4.0.tgz?cache=0&sync_timestamp=1596623572478&other_urls=https%3A%2F%2Fregistry.npm.taobao.org%2Fasync-validator%2Fdownload%2Fasync-validator-3.4.0.tgz",
      "integrity": "sha1-hxs+WUEkv0xOt7zRqeeLRPOwnK4="
    },
    "batch-processor": {
      "version": "1.0.0",
      "resolved": "https://registry.npm.taobao.org/batch-processor/download/batch-processor-1.0.0.tgz",
      "integrity": "sha1-dclcMrdI4IUNEMKxaPa9vpiRrOg="
    },
    "decode-uri-component": {
      "version": "0.2.0",
      "resolved": "https://registry.npm.taobao.org/decode-uri-component/download/decode-uri-component-0.2.0.tgz",
      "integrity": "sha1-6zkTMzRYd1y4TNGh+uBiEGu4dUU="
    },
    "deepmerge": {
      "version": "2.2.1",
      "resolved": "https://registry.npm.taobao.org/deepmerge/download/deepmerge-2.2.1.tgz",
      "integrity": "sha1-XT/yKgHAD2RUBaL7wX0HeKGAEXA="
    },
    "element-resize-detector": {
      "version": "1.2.1",
      "resolved": "https://registry.npm.taobao.org/element-resize-detector/download/element-resize-detector-1.2.1.tgz",
      "integrity": "sha1-sDBRlER6SGMVXljxMyOgrvMIUdE=",
      "requires": {
        "batch-processor": "1.0.0"
      }
    },
    "js-calendar": {
      "version": "1.2.3",
      "resolved": "https://registry.npm.taobao.org/js-calendar/download/js-calendar-1.2.3.tgz",
      "integrity": "sha1-pYOwZEtOaVujlPNE0QPbzHp6fT4="
    },
    "js-cookie": {
      "version": "2.2.1",
      "resolved": "https://registry.npm.taobao.org/js-cookie/download/js-cookie-2.2.1.tgz",
      "integrity": "sha1-aeEG3F1YBolFYpAqpbrsN0Tpsrg="
    },
    "lodash": {
      "version": "4.17.20",
      "resolved": "https://registry.npm.taobao.org/lodash/download/lodash-4.17.20.tgz?cache=0&sync_timestamp=1597336196663&other_urls=https%3A%2F%2Fregistry.npm.taobao.org%2Flodash%2Fdownload%2Flodash-4.17.20.tgz",
      "integrity": "sha1-tEqbYpe8tpjxxRo1RaKzs2jVnFI="
    },
    "lodash.throttle": {
      "version": "4.1.1",
      "resolved": "https://registry.npm.taobao.org/lodash.throttle/download/lodash.throttle-4.1.1.tgz",
      "integrity": "sha1-wj6RtxAkKscMN/HhzaknTMOb8vQ="
    },
    "popper.js": {
      "version": "1.16.1",
      "resolved": "https://registry.npm.taobao.org/popper.js/download/popper.js-1.16.1.tgz",
      "integrity": "sha1-KiI8s9x7YhPXQOQDcr5A3kPmWxs="
    },
    "query-string": {
      "version": "6.13.1",
      "resolved": "https://registry.npm.taobao.org/query-string/download/query-string-6.13.1.tgz?cache=0&sync_timestamp=1591853352562&other_urls=https%3A%2F%2Fregistry.npm.taobao.org%2Fquery-string%2Fdownload%2Fquery-string-6.13.1.tgz",
      "integrity": "sha1-2RPM/OO0s6cTmJ/m05Rm2S5xzK0=",
      "requires": {
        "decode-uri-component": "^0.2.0",
        "split-on-first": "^1.0.0",
        "strict-uri-encode": "^2.0.0"
      }
    },
    "split-on-first": {
      "version": "1.1.0",
      "resolved": "https://registry.npm.taobao.org/split-on-first/download/split-on-first-1.1.0.tgz",
      "integrity": "sha1-9hCv7uOxK84dDDBCXnY5i3gkml8="
    },
    "strict-uri-encode": {
      "version": "2.0.0",
      "resolved": "https://registry.npm.taobao.org/strict-uri-encode/download/strict-uri-encode-2.0.0.tgz",
      "integrity": "sha1-ucczDHBChi9rFC3CdLvMWGbONUY="
    },
    "tinycolor2": {
      "version": "1.4.1",
      "resolved": "https://registry.npm.taobao.org/tinycolor2/download/tinycolor2-1.4.1.tgz",
      "integrity": "sha1-9PrTM0R7wLB9TcjpIJ2POaisd+g="
    },
    "uni-curd": {
      "version": "file:cloudfunctions-aliyun/common/uni-curd"
    },
    "uni-id": {
      "version": "file:cloudfunctions-aliyun/common/uni-id"
    },
    "uni-simple-router": {
      "version": "1.5.5",
      "resolved": "https://registry.npm.taobao.org/uni-simple-router/download/uni-simple-router-1.5.5.tgz",
      "integrity": "sha1-WY9K2+zpg3L3z+s7imJwibQgOJk=",
      "requires": {
        "query-string": "^6.12.1"
      }
    },
    "v-click-outside-x": {
      "version": "3.7.1",
      "resolved": "https://registry.npm.taobao.org/v-click-outside-x/download/v-click-outside-x-3.7.1.tgz?cache=0&sync_timestamp=1579043108278&other_urls=https%3A%2F%2Fregistry.npm.taobao.org%2Fv-click-outside-x%2Fdownload%2Fv-click-outside-x-3.7.1.tgz",
      "integrity": "sha1-qgPqoOQeRMtSB9z4bC2fDdZAhME="
    },
    "view-design": {
      "version": "4.3.2",
      "resolved": "https://registry.npm.taobao.org/view-design/download/view-design-4.3.2.tgz?cache=0&sync_timestamp=1594604529046&other_urls=https%3A%2F%2Fregistry.npm.taobao.org%2Fview-design%2Fdownload%2Fview-design-4.3.2.tgz",
      "integrity": "sha1-bwgcZzt3QgObs4o6UZOO+rtg0KI=",
      "requires": {
        "async-validator": "^3.3.0",
        "deepmerge": "^2.2.1",
        "element-resize-detector": "^1.2.0",
        "js-calendar": "^1.2.3",
        "lodash.throttle": "^4.1.1",
        "popper.js": "^1.14.6",
        "tinycolor2": "^1.4.1",
        "v-click-outside-x": "^3.7.1"
      }
    },
    "wangeditor": {
      "version": "3.1.1",
      "resolved": "https://registry.npm.taobao.org/wangeditor/download/wangeditor-3.1.1.tgz",
      "integrity": "sha1-+9PB1JdpI8nt67hbKdMLNVEq0Dk="
    }
  }
}
